// !$*UTF8*$!
{
	archiveVersion = 1;
	classes = {
	};
	objectVersion = 46;
	objects = {

/* Begin PBXBuildFile section */
		18173B431EFAB4FD00D4A140 /* main.cpp in Sources */ = {isa = PBXBuildFile; fileRef = 18173B421EFAB4FD00D4A140 /* main.cpp */; };
		18173B4B1EFAB5FC00D4A140 /* bitree.cpp in Sources */ = {isa = PBXBuildFile; fileRef = 18173B491EFAB5FC00D4A140 /* bitree.cpp */; };
		18F8AE031EFBAAB700B5B273 /* bithrtree.cpp in Sources */ = {isa = PBXBuildFile; fileRef = 18F8AE011EFBAAB700B5B273 /* bithrtree.cpp */; };
/* End PBXBuildFile section */

/* Begin PBXCopyFilesBuildPhase section */
		18173B3D1EFAB4FD00D4A140 /* CopyFiles */ = {
			isa = PBXCopyFilesBuildPhase;
			buildActionMask = 2147483647;
			dstPath = /usr/share/man/man1/;
			dstSubfolderSpec = 0;
			files = (
			);
			runOnlyForDeploymentPostprocessing = 1;
		};
/* End PBXCopyFilesBuildPhase section */

/* Begin PBXFileReference section */
		18173B3F1EFAB4FD00D4A140 /* bitree */ = {isa = PBXFileReference; explicitFileType = "compiled.mach-o.executable"; includeInIndex = 0; path = bitree; sourceTree = BUILT_PRODUCTS_DIR; };
		18173B421EFAB4FD00D4A140 /* main.cpp */ = {isa = PBXFileReference; lastKnownFileType = sourcecode.cpp.cpp; path = main.cpp; sourceTree = "<group>"; };
		18173B491EFAB5FC00D4A140 /* bitree.cpp */ = {isa = PBXFileReference; fileEncoding = 4; lastKnownFileType = sourcecode.cpp.cpp; path = bitree.cpp; sourceTree = "<group>"; };
		18173B4A1EFAB5FC00D4A140 /* bitree.hpp */ = {isa = PBXFileReference; fileEncoding = 4; lastKnownFileType = sourcecode.cpp.h; path = bitree.hpp; sourceTree = "<group>"; };
		18F8AE011EFBAAB700B5B273 /* bithrtree.cpp */ = {isa = PBXFileReference; fileEncoding = 4; lastKnownFileType = sourcecode.cpp.cpp; path = bithrtree.cpp; sourceTree = "<group>"; };
		18F8AE021EFBAAB700B5B273 /* bithrtree.hpp */ = {isa = PBXFileReference; fileEncoding = 4; lastKnownFileType = sourcecode.cpp.h; path = bithrtree.hpp; sourceTree = "<group>"; };
/* End PBXFileReference section */

/* Begin PBXFrameworksBuildPhase section */
		18173B3C1EFAB4FD00D4A140 /* Frameworks */ = {
			isa = PBXFrameworksBuildPhase;
			buildActionMask = 2147483647;
			files = (
			);
			runOnlyForDeploymentPostprocessing = 0;
		};
/* End PBXFrameworksBuildPhase section */

/* Begin PBXGroup section */
		18173B361EFAB4FD00D4A140 = {
			isa = PBXGroup;
			children = (
				18173B411EFAB4FD00D4A140 /* bitree */,
				18173B401EFAB4FD00D4A140 /* Products */,
			);
			sourceTree = "<group>";
		};
		18173B401EFAB4FD00D4A140 /* Products */ = {
			isa = PBXGroup;
			children = (
				18173B3F1EFAB4FD00D4A140 /* bitree */,
			);
			name = Products;
			sourceTree = "<group>";
		};
		18173B411EFAB4FD00D4A140 /* bitree */ = {
			isa = PBXGroup;
			children = (
				18173B421EFAB4FD00D4A140 /* main.cpp */,
				18173B491EFAB5FC00D4A140 /* bitree.cpp */,
				18173B4A1EFAB5FC00D4A140 /* bitree.hpp */,
				18F8AE011EFBAAB700B5B273 /* bithrtree.cpp */,
				18F8AE021EFBAAB700B5B273 /* bithrtree.hpp */,
			);
			path = bitree;
			sourceTree = "<group>";
		};
/* End PBXGroup section */

/* Begin PBXNativeTarget section */
		18173B3E1EFAB4FD00D4A140 /* bitree */ = {
			isa = PBXNativeTarget;
			buildConfigurationList = 18173B461EFAB4FD00D4A140 /* Build configuration list for PBXNativeTarget "bitree" */;
			buildPhases = (
				18173B3B1EFAB4FD00D4A140 /* Sources */,
				18173B3C1EFAB4FD00D4A140 /* Frameworks */,
				18173B3D1EFAB4FD00D4A140 /* CopyFiles */,
			);
			buildRules = (
			);
			dependencies = (
			);
			name = bitree;
			productName = bitree;
			productReference = 18173B3F1EFAB4FD00D4A140 /* bitree */;
			productType = "com.apple.product-type.tool";
		};
/* End PBXNativeTarget section */

/* Begin PBXProject section */
		18173B371EFAB4FD00D4A140 /* Project object */ = {
			isa = PBXProject;
			attributes = {
				LastUpgradeCheck = 0810;
				ORGANIZATIONNAME = "Apple ";
				TargetAttributes = {
					18173B3E1EFAB4FD00D4A140 = {
						CreatedOnToolsVersion = 8.1;
						ProvisioningStyle = Automatic;
					};
				};
			};
			buildConfigurationList = 18173B3A1EFAB4FD00D4A140 /* Build configuration list for PBXProject "bitree" */;
			compatibilityVersion = "Xcode 3.2";
			developmentRegion = English;
			hasScannedForEncodings = 0;
			knownRegions = (
				en,
			);
			mainGroup = 18173B361EFAB4FD00D4A140;
			productRefGroup = 18173B401EFAB4FD00D4A140 /* Products */;
			projectDirPath = "";
			projectRoot = "";
			targets = (
				18173B3E1EFAB4FD00D4A140 /* bitree */,
			);
		};
/* End PBXProject section */

/* Begin PBXSourcesBuildPhase section */
		18173B3B1EFAB4FD00D4A140 /* Sources */ = {
			isa = PBXSourcesBuildPhase;
			buildActionMask = 2147483647;
			files = (
				18F8AE031EFBAAB700B5B273 /* bithrtree.cpp in Sources */,
				18173B4B1EFAB5FC00D4A140 /* bitree.cpp in Sources */,
				18173B431EFAB4FD00D4A140 /* main.cpp in Sources */,
			);
			runOnlyForDeploymentPostprocessing = 0;
		};
/* End PBXSourcesBuildPhase section */

/* Begin XCBuildConfiguration section */
		18173B441EFAB4FD00D4A140 /* Debug */ = {
			isa = XCBuildConfiguration;
			buildSettings = {
				ALWAYS_SEARCH_USER_PATHS = NO;
				CLANG_ANALYZER_NONNULL = YES;
				CLANG_CXX_LANGUAGE_STANDARD = "gnu++0x";
				CLANG_CXX_LIBRARY = "libc++";
				CLANG_ENABLE_MODULES = YES;
				CLANG_ENABLE_OBJC_ARC = YES;
				CLANG_WARN_BOOL_CONVERSION = YES;
				CLANG_WARN_CONSTANT_CONVERSION = YES;
				CLANG_WARN_DIRECT_OBJC_ISA_USAGE = YES_ERROR;
				CLANG_WARN_DOCUMENTATION_COMMENTS = YES;
				CLANG_WARN_EMPTY_BODY = YES;
				CLANG_WARN_ENUM_CONVERSION = YES;
				CLANG_WARN_INFINITE_RECURSION = YES;
				CLANG_WARN_INT_CONVERSION = YES;
				CLANG_WARN_OBJC_ROOT_CLASS = YES_ERROR;
				CLANG_WARN_SUSPICIOUS_MOVES = YES;
				CLANG_WARN_UNREACHABLE_CODE = YES;
				CLANG_WARN__DUPLICATE_METHOD_MATCH = YES;
				CODE_SIGN_IDENTITY = "-";
				COPY_PHASE_STRIP = NO;
				DEBUG_INFORMATION_FORMAT = dwarf;
				ENABLE_STRICT_OBJC_MSGSEND = YES;
				ENABLE_TESTABILITY = YES;
				GCC_C_LANGUAGE_STANDARD = gnu99;
				GCC_DYNAMIC_NO_PIC = NO;
				GCC_NO_COMMON_BLOCKS = YES;
				GCC_OPTIMIZATION_LEVEL = 0;
				GCC_PREPROCESSOR_DEFINITIONS = (
					"DEBUG=1",
					"$(inherited)",
				);
				GCC_WARN_64_TO_32_BIT_CONVERSION = YES;
				GCC_WARN_ABOUT_RETURN_TYPE = YES_ERROR;
				GCC_WARN_UNDECLARED_SELECTOR = YES;
				GCC_WARN_UNINITIALIZED_AUTOS = YES_AGGRESSIVE;
				GCC_WARN_UNUSED_FUNCTION = YES;
				GCC_WARN_UNUSED_VARIABLE = YES;
				MACOSX_DEPLOYMENT_TARGET = 10.12;
				MTL_ENABLE_DEBUG_INFO = YES;
				ONLY_ACTIVE_ARCH = YES;
				SDKROOT = macosx;
			};
			name = Debug;
		};
		18173B451EFAB4FD00D4A140 /* Release */ = {
			isa = XCBuildConfiguration;
			buildSettings = {
				ALWAYS_SEARCH_USER_PATHS = NO;
				CLANG_ANALYZER_NONNULL = YES;
				CLANG_CXX_LANGUAGE_STANDARD = "gnu++0x";
				CLANG_CXX_LIBRARY = "libc++";
				CLANG_ENABLE_MODULES = YES;
				CLANG_ENABLE_OBJC_ARC = YES;
				CLANG_WARN_BOOL_CONVERSION = YES;
				CLANG_WARN_CONSTANT_CONVERSION = YES;
				CLANG_WARN_DIRECT_OBJC_ISA_USAGE = YES_ERROR;
				CLANG_WARN_DOCUMENTATION_COMMENTS = YES;
				CLANG_WARN_EMPTY_BODY = YES;
				CLANG_WARN_ENUM_CONVERSION = YES;
				CLANG_WARN_INFINITE_RECURSION = YES;
				CLANG_WARN_INT_CONVERSION = YES;
				CLANG_WARN_OBJC_ROOT_CLASS = YES_ERROR;
				CLANG_WARN_SUSPICIOUS_MOVES = YES;
				CLANG_WARN_UNREACHABLE_CODE = YES;
				CLANG_WARN__DUPLICATE_METHOD_MATCH = YES;
				CODE_SIGN_IDENTITY = "-";
				COPY_PHASE_STRIP = NO;
				DEBUG_INFORMATION_FORMAT = "dwarf-with-dsym";
				ENABLE_NS_ASSERTIONS = NO;
				ENABLE_STRICT_OBJC_MSGSEND = YES;
				GCC_C_LANGUAGE_STANDARD = gnu99;
				GCC_NO_COMMON_BLOCKS = YES;
				GCC_WARN_64_TO_32_BIT_CONVERSION = YES;
				GCC_WARN_ABOUT_RETURN_TYPE = YES_ERROR;
				GCC_WARN_UNDECLARED_SELECTOR = YES;
				GCC_WARN_UNINITIALIZED_AUTOS = YES_AGGRESSIVE;
				GCC_WARN_UNUSED_FUNCTION = YES;
				GCC_WARN_UNUSED_VARIABLE = YES;
				MACOSX_DEPLOYMENT_TARGET = 10.12;
				MTL_ENABLE_DEBUG_INFO = NO;
				SDKROOT = macosx;
			};
			name = Release;
		};
		18173B471EFAB4FD00D4A140 /* Debug */ = {
			isa = XCBuildConfiguration;
			buildSettings = {
				PRODUCT_NAME = "$(TARGET_NAME)";
			};
			name = Debug;
		};
		18173B481EFAB4FD00D4A140 /* Release */ = {
			isa = XCBuildConfiguration;
			buildSettings = {
				PRODUCT_NAME = "$(TARGET_NAME)";
			};
			name = Release;
		};
/* End XCBuildConfiguration section */

/* Begin XCConfigurationList section */
		18173B3A1EFAB4FD00D4A140 /* Build configuration list for PBXProject "bitree" */ = {
			isa = XCConfigurationList;
			buildConfigurations = (
				18173B441EFAB4FD00D4A140 /* Debug */,
				18173B451EFAB4FD00D4A140 /* Release */,
			);
			defaultConfigurationIsVisible = 0;
			defaultConfigurationName = Release;
		};
		18173B461EFAB4FD00D4A140 /* Build configuration list for PBXNativeTarget "bitree" */ = {
			isa = XCConfigurationList;
			buildConfigurations = (
				18173B471EFAB4FD00D4A140 /* Debug */,
				18173B481EFAB4FD00D4A140 /* Release */,
			);
			defaultConfigurationIsVisible = 0;
			defaultConfigurationName = Release;
		};
/* End XCConfigurationList section */
	};
	rootObject = 18173B371EFAB4FD00D4A140 /* Project object */;
}
