// !$*UTF8*$!
{
	archiveVersion = 1;
	classes = {
	};
	objectVersion = 46;
	objects = {

/* Begin PBXBuildFile section */
		1875761C1E6E87C500BA483C /* arrayList.cpp in Sources */ = {isa = PBXBuildFile; fileRef = 1875761B1E6E87C500BA483C /* arrayList.cpp */; };
		187576221E6E8B2600BA483C /* Exception.cpp in Sources */ = {isa = PBXBuildFile; fileRef = 187576211E6E8B2600BA483C /* Exception.cpp */; };
		187576241E6E98C800BA483C /* main.cpp in Sources */ = {isa = PBXBuildFile; fileRef = 187576231E6E98C800BA483C /* main.cpp */; };
/* End PBXBuildFile section */

/* Begin PBXCopyFilesBuildPhase section */
		1875760D1E6E83D600BA483C /* CopyFiles */ = {
			isa = PBXCopyFilesBuildPhase;
			buildActionMask = 2147483647;
			dstPath = /usr/share/man/man1/;
			dstSubfolderSpec = 0;
			files = (
			);
			runOnlyForDeploymentPostprocessing = 1;
		};
/* End PBXCopyFilesBuildPhase section */

/* Begin PBXFileReference section */
		1875760F1E6E83D600BA483C /* linearList */ = {isa = PBXFileReference; explicitFileType = "compiled.mach-o.executable"; includeInIndex = 0; path = linearList; sourceTree = BUILT_PRODUCTS_DIR; };
		187576191E6E841000BA483C /* linearList.h */ = {isa = PBXFileReference; lastKnownFileType = sourcecode.c.h; path = linearList.h; sourceTree = "<group>"; };
		1875761A1E6E85DF00BA483C /* arrayList.h */ = {isa = PBXFileReference; lastKnownFileType = sourcecode.c.h; path = arrayList.h; sourceTree = "<group>"; };
		1875761B1E6E87C500BA483C /* arrayList.cpp */ = {isa = PBXFileReference; fileEncoding = 4; lastKnownFileType = sourcecode.cpp.cpp; path = arrayList.cpp; sourceTree = "<group>"; };
		187576201E6E898800BA483C /* Exception.h */ = {isa = PBXFileReference; lastKnownFileType = sourcecode.c.h; path = Exception.h; sourceTree = "<group>"; };
		187576211E6E8B2600BA483C /* Exception.cpp */ = {isa = PBXFileReference; fileEncoding = 4; lastKnownFileType = sourcecode.cpp.cpp; path = Exception.cpp; sourceTree = "<group>"; };
		187576231E6E98C800BA483C /* main.cpp */ = {isa = PBXFileReference; fileEncoding = 4; lastKnownFileType = sourcecode.cpp.cpp; path = main.cpp; sourceTree = "<group>"; };
/* End PBXFileReference section */

/* Begin PBXFrameworksBuildPhase section */
		1875760C1E6E83D600BA483C /* Frameworks */ = {
			isa = PBXFrameworksBuildPhase;
			buildActionMask = 2147483647;
			files = (
			);
			runOnlyForDeploymentPostprocessing = 0;
		};
/* End PBXFrameworksBuildPhase section */

/* Begin PBXGroup section */
		187576061E6E83D600BA483C = {
			isa = PBXGroup;
			children = (
				187576111E6E83D600BA483C /* linearList */,
				187576101E6E83D600BA483C /* Products */,
			);
			sourceTree = "<group>";
		};
		187576101E6E83D600BA483C /* Products */ = {
			isa = PBXGroup;
			children = (
				1875760F1E6E83D600BA483C /* linearList */,
			);
			name = Products;
			sourceTree = "<group>";
		};
		187576111E6E83D600BA483C /* linearList */ = {
			isa = PBXGroup;
			children = (
				187576191E6E841000BA483C /* linearList.h */,
				1875761A1E6E85DF00BA483C /* arrayList.h */,
				1875761B1E6E87C500BA483C /* arrayList.cpp */,
				187576201E6E898800BA483C /* Exception.h */,
				187576211E6E8B2600BA483C /* Exception.cpp */,
				187576231E6E98C800BA483C /* main.cpp */,
			);
			path = linearList;
			sourceTree = "<group>";
		};
/* End PBXGroup section */

/* Begin PBXNativeTarget section */
		1875760E1E6E83D600BA483C /* linearList */ = {
			isa = PBXNativeTarget;
			buildConfigurationList = 187576161E6E83D700BA483C /* Build configuration list for PBXNativeTarget "linearList" */;
			buildPhases = (
				1875760B1E6E83D600BA483C /* Sources */,
				1875760C1E6E83D600BA483C /* Frameworks */,
				1875760D1E6E83D600BA483C /* CopyFiles */,
			);
			buildRules = (
			);
			dependencies = (
			);
			name = linearList;
			productName = linearList;
			productReference = 1875760F1E6E83D600BA483C /* linearList */;
			productType = "com.apple.product-type.tool";
		};
/* End PBXNativeTarget section */

/* Begin PBXProject section */
		187576071E6E83D600BA483C /* Project object */ = {
			isa = PBXProject;
			attributes = {
				LastUpgradeCheck = 0810;
				ORGANIZATIONNAME = "Apple ";
				TargetAttributes = {
					1875760E1E6E83D600BA483C = {
						CreatedOnToolsVersion = 8.1;
						ProvisioningStyle = Automatic;
					};
				};
			};
			buildConfigurationList = 1875760A1E6E83D600BA483C /* Build configuration list for PBXProject "linearList" */;
			compatibilityVersion = "Xcode 3.2";
			developmentRegion = English;
			hasScannedForEncodings = 0;
			knownRegions = (
				en,
			);
			mainGroup = 187576061E6E83D600BA483C;
			productRefGroup = 187576101E6E83D600BA483C /* Products */;
			projectDirPath = "";
			projectRoot = "";
			targets = (
				1875760E1E6E83D600BA483C /* linearList */,
			);
		};
/* End PBXProject section */

/* Begin PBXSourcesBuildPhase section */
		1875760B1E6E83D600BA483C /* Sources */ = {
			isa = PBXSourcesBuildPhase;
			buildActionMask = 2147483647;
			files = (
				1875761C1E6E87C500BA483C /* arrayList.cpp in Sources */,
				187576221E6E8B2600BA483C /* Exception.cpp in Sources */,
				187576241E6E98C800BA483C /* main.cpp in Sources */,
			);
			runOnlyForDeploymentPostprocessing = 0;
		};
/* End PBXSourcesBuildPhase section */

/* Begin XCBuildConfiguration section */
		187576141E6E83D700BA483C /* Debug */ = {
			isa = XCBuildConfiguration;
			buildSettings = {
				ALWAYS_SEARCH_USER_PATHS = NO;
				CLANG_ANALYZER_NONNULL = YES;
				CLANG_CXX_LANGUAGE_STANDARD = "gnu++0x";
				CLANG_CXX_LIBRARY = "libc++";
				CLANG_ENABLE_MODULES = YES;
				CLANG_ENABLE_OBJC_ARC = YES;
				CLANG_WARN_BOOL_CONVERSION = YES;
				CLANG_WARN_CONSTANT_CONVERSION = YES;
				CLANG_WARN_DIRECT_OBJC_ISA_USAGE = YES_ERROR;
				CLANG_WARN_DOCUMENTATION_COMMENTS = YES;
				CLANG_WARN_EMPTY_BODY = YES;
				CLANG_WARN_ENUM_CONVERSION = YES;
				CLANG_WARN_INFINITE_RECURSION = YES;
				CLANG_WARN_INT_CONVERSION = YES;
				CLANG_WARN_OBJC_ROOT_CLASS = YES_ERROR;
				CLANG_WARN_SUSPICIOUS_MOVES = YES;
				CLANG_WARN_UNREACHABLE_CODE = YES;
				CLANG_WARN__DUPLICATE_METHOD_MATCH = YES;
				CODE_SIGN_IDENTITY = "-";
				COPY_PHASE_STRIP = NO;
				DEBUG_INFORMATION_FORMAT = dwarf;
				ENABLE_STRICT_OBJC_MSGSEND = YES;
				ENABLE_TESTABILITY = YES;
				GCC_C_LANGUAGE_STANDARD = gnu99;
				GCC_DYNAMIC_NO_PIC = NO;
				GCC_NO_COMMON_BLOCKS = YES;
				GCC_OPTIMIZATION_LEVEL = 0;
				GCC_PREPROCESSOR_DEFINITIONS = (
					"DEBUG=1",
					"$(inherited)",
				);
				GCC_WARN_64_TO_32_BIT_CONVERSION = YES;
				GCC_WARN_ABOUT_RETURN_TYPE = YES_ERROR;
				GCC_WARN_UNDECLARED_SELECTOR = YES;
				GCC_WARN_UNINITIALIZED_AUTOS = YES_AGGRESSIVE;
				GCC_WARN_UNUSED_FUNCTION = YES;
				GCC_WARN_UNUSED_VARIABLE = YES;
				MACOSX_DEPLOYMENT_TARGET = 10.12;
				MTL_ENABLE_DEBUG_INFO = YES;
				ONLY_ACTIVE_ARCH = YES;
				SDKROOT = macosx;
			};
			name = Debug;
		};
		187576151E6E83D700BA483C /* Release */ = {
			isa = XCBuildConfiguration;
			buildSettings = {
				ALWAYS_SEARCH_USER_PATHS = NO;
				CLANG_ANALYZER_NONNULL = YES;
				CLANG_CXX_LANGUAGE_STANDARD = "gnu++0x";
				CLANG_CXX_LIBRARY = "libc++";
				CLANG_ENABLE_MODULES = YES;
				CLANG_ENABLE_OBJC_ARC = YES;
				CLANG_WARN_BOOL_CONVERSION = YES;
				CLANG_WARN_CONSTANT_CONVERSION = YES;
				CLANG_WARN_DIRECT_OBJC_ISA_USAGE = YES_ERROR;
				CLANG_WARN_DOCUMENTATION_COMMENTS = YES;
				CLANG_WARN_EMPTY_BODY = YES;
				CLANG_WARN_ENUM_CONVERSION = YES;
				CLANG_WARN_INFINITE_RECURSION = YES;
				CLANG_WARN_INT_CONVERSION = YES;
				CLANG_WARN_OBJC_ROOT_CLASS = YES_ERROR;
				CLANG_WARN_SUSPICIOUS_MOVES = YES;
				CLANG_WARN_UNREACHABLE_CODE = YES;
				CLANG_WARN__DUPLICATE_METHOD_MATCH = YES;
				CODE_SIGN_IDENTITY = "-";
				COPY_PHASE_STRIP = NO;
				DEBUG_INFORMATION_FORMAT = "dwarf-with-dsym";
				ENABLE_NS_ASSERTIONS = NO;
				ENABLE_STRICT_OBJC_MSGSEND = YES;
				GCC_C_LANGUAGE_STANDARD = gnu99;
				GCC_NO_COMMON_BLOCKS = YES;
				GCC_WARN_64_TO_32_BIT_CONVERSION = YES;
				GCC_WARN_ABOUT_RETURN_TYPE = YES_ERROR;
				GCC_WARN_UNDECLARED_SELECTOR = YES;
				GCC_WARN_UNINITIALIZED_AUTOS = YES_AGGRESSIVE;
				GCC_WARN_UNUSED_FUNCTION = YES;
				GCC_WARN_UNUSED_VARIABLE = YES;
				MACOSX_DEPLOYMENT_TARGET = 10.12;
				MTL_ENABLE_DEBUG_INFO = NO;
				SDKROOT = macosx;
			};
			name = Release;
		};
		187576171E6E83D700BA483C /* Debug */ = {
			isa = XCBuildConfiguration;
			buildSettings = {
				PRODUCT_NAME = "$(TARGET_NAME)";
			};
			name = Debug;
		};
		187576181E6E83D700BA483C /* Release */ = {
			isa = XCBuildConfiguration;
			buildSettings = {
				PRODUCT_NAME = "$(TARGET_NAME)";
			};
			name = Release;
		};
/* End XCBuildConfiguration section */

/* Begin XCConfigurationList section */
		1875760A1E6E83D600BA483C /* Build configuration list for PBXProject "linearList" */ = {
			isa = XCConfigurationList;
			buildConfigurations = (
				187576141E6E83D700BA483C /* Debug */,
				187576151E6E83D700BA483C /* Release */,
			);
			defaultConfigurationIsVisible = 0;
			defaultConfigurationName = Release;
		};
		187576161E6E83D700BA483C /* Build configuration list for PBXNativeTarget "linearList" */ = {
			isa = XCConfigurationList;
			buildConfigurations = (
				187576171E6E83D700BA483C /* Debug */,
				187576181E6E83D700BA483C /* Release */,
			);
			defaultConfigurationIsVisible = 0;
		};
/* End XCConfigurationList section */
	};
	rootObject = 187576071E6E83D600BA483C /* Project object */;
}
